// !$*UTF8*$!
{
	archiveVersion = 1;
	classes = {
	};
	objectVersion = 50;
	objects = {

/* Begin PBXBuildFile section */
		047B1D232184B5DE00EB8B63 /* AppDelegate.swift in Sources */ = {isa = PBXBuildFile; fileRef = 047B1D222184B5DE00EB8B63 /* AppDelegate.swift */; };
		047B1D252184B5DE00EB8B63 /* ViewController.swift in Sources */ = {isa = PBXBuildFile; fileRef = 047B1D242184B5DE00EB8B63 /* ViewController.swift */; };
		047B1D282184B5DE00EB8B63 /* Main.storyboard in Resources */ = {isa = PBXBuildFile; fileRef = 047B1D262184B5DE00EB8B63 /* Main.storyboard */; };
		047B1D2B2184B5DE00EB8B63 /* PoliticalSurvey.xcdatamodeld in Sources */ = {isa = PBXBuildFile; fileRef = 047B1D292184B5DE00EB8B63 /* PoliticalSurvey.xcdatamodeld */; };
		047B1D2D2184B5E000EB8B63 /* Assets.xcassets in Resources */ = {isa = PBXBuildFile; fileRef = 047B1D2C2184B5E000EB8B63 /* Assets.xcassets */; };
		047B1D302184B5E000EB8B63 /* LaunchScreen.storyboard in Resources */ = {isa = PBXBuildFile; fileRef = 047B1D2E2184B5E000EB8B63 /* LaunchScreen.storyboard */; };
		3A3A6D477C3BDD6291310774 /* Pods_PoliticalSurvey.framework in Frameworks */ = {isa = PBXBuildFile; fileRef = 60F68F928A76448C7A9E9E87 /* Pods_PoliticalSurvey.framework */; };
/* End PBXBuildFile section */

/* Begin PBXFileReference section */
		047B1D1F2184B5DE00EB8B63 /* PoliticalSurvey.app */ = {isa = PBXFileReference; explicitFileType = wrapper.application; includeInIndex = 0; path = PoliticalSurvey.app; sourceTree = BUILT_PRODUCTS_DIR; };
		047B1D222184B5DE00EB8B63 /* AppDelegate.swift */ = {isa = PBXFileReference; lastKnownFileType = sourcecode.swift; path = AppDelegate.swift; sourceTree = "<group>"; };
		047B1D242184B5DE00EB8B63 /* ViewController.swift */ = {isa = PBXFileReference; lastKnownFileType = sourcecode.swift; path = ViewController.swift; sourceTree = "<group>"; };
		047B1D272184B5DE00EB8B63 /* Base */ = {isa = PBXFileReference; lastKnownFileType = file.storyboard; name = Base; path = Base.lproj/Main.storyboard; sourceTree = "<group>"; };
		047B1D2A2184B5DE00EB8B63 /* PoliticalSurvey.xcdatamodel */ = {isa = PBXFileReference; lastKnownFileType = wrapper.xcdatamodel; path = PoliticalSurvey.xcdatamodel; sourceTree = "<group>"; };
		047B1D2C2184B5E000EB8B63 /* Assets.xcassets */ = {isa = PBXFileReference; lastKnownFileType = folder.assetcatalog; path = Assets.xcassets; sourceTree = "<group>"; };
		047B1D2F2184B5E000EB8B63 /* Base */ = {isa = PBXFileReference; lastKnownFileType = file.storyboard; name = Base; path = Base.lproj/LaunchScreen.storyboard; sourceTree = "<group>"; };
		047B1D312184B5E000EB8B63 /* Info.plist */ = {isa = PBXFileReference; lastKnownFileType = text.plist.xml; path = Info.plist; sourceTree = "<group>"; };
		4DD0B0807CEE237E35C275F9 /* Pods-PoliticalSurvey.debug.xcconfig */ = {isa = PBXFileReference; includeInIndex = 1; lastKnownFileType = text.xcconfig; name = "Pods-PoliticalSurvey.debug.xcconfig"; path = "Pods/Target Support Files/Pods-PoliticalSurvey/Pods-PoliticalSurvey.debug.xcconfig"; sourceTree = "<group>"; };
		60F68F928A76448C7A9E9E87 /* Pods_PoliticalSurvey.framework */ = {isa = PBXFileReference; explicitFileType = wrapper.framework; includeInIndex = 0; path = Pods_PoliticalSurvey.framework; sourceTree = BUILT_PRODUCTS_DIR; };
		F86EF460862CBC10DAF99F9A /* Pods-PoliticalSurvey.release.xcconfig */ = {isa = PBXFileReference; includeInIndex = 1; lastKnownFileType = text.xcconfig; name = "Pods-PoliticalSurvey.release.xcconfig"; path = "Pods/Target Support Files/Pods-PoliticalSurvey/Pods-PoliticalSurvey.release.xcconfig"; sourceTree = "<group>"; };
/* End PBXFileReference section */

/* Begin PBXFrameworksBuildPhase section */
		047B1D1C2184B5DE00EB8B63 /* Frameworks */ = {
			isa = PBXFrameworksBuildPhase;
			buildActionMask = 2147483647;
			files = (
				3A3A6D477C3BDD6291310774 /* Pods_PoliticalSurvey.framework in Frameworks */,
			);
			runOnlyForDeploymentPostprocessing = 0;
		};
/* End PBXFrameworksBuildPhase section */

/* Begin PBXGroup section */
		047B1D162184B5DE00EB8B63 = {
			isa = PBXGroup;
			children = (
				047B1D212184B5DE00EB8B63 /* PoliticalSurvey */,
				047B1D202184B5DE00EB8B63 /* Products */,
				2F3228A9865D13954A931203 /* Pods */,
				A63BB025D4C344391B9E6194 /* Frameworks */,
			);
			sourceTree = "<group>";
		};
		047B1D202184B5DE00EB8B63 /* Products */ = {
			isa = PBXGroup;
			children = (
				047B1D1F2184B5DE00EB8B63 /* PoliticalSurvey.app */,
			);
			name = Products;
			sourceTree = "<group>";
		};
		047B1D212184B5DE00EB8B63 /* PoliticalSurvey */ = {
			isa = PBXGroup;
			children = (
				047B1D222184B5DE00EB8B63 /* AppDelegate.swift */,
				047B1D242184B5DE00EB8B63 /* ViewController.swift */,
				047B1D262184B5DE00EB8B63 /* Main.storyboard */,
				047B1D2C2184B5E000EB8B63 /* Assets.xcassets */,
				047B1D2E2184B5E000EB8B63 /* LaunchScreen.storyboard */,
				047B1D312184B5E000EB8B63 /* Info.plist */,
				047B1D292184B5DE00EB8B63 /* PoliticalSurvey.xcdatamodeld */,
			);
			path = PoliticalSurvey;
			sourceTree = "<group>";
		};
		2F3228A9865D13954A931203 /* Pods */ = {
			isa = PBXGroup;
			children = (
				4DD0B0807CEE237E35C275F9 /* Pods-PoliticalSurvey.debug.xcconfig */,
				F86EF460862CBC10DAF99F9A /* Pods-PoliticalSurvey.release.xcconfig */,
			);
			name = Pods;
			sourceTree = "<group>";
		};
		A63BB025D4C344391B9E6194 /* Frameworks */ = {
			isa = PBXGroup;
			children = (
				60F68F928A76448C7A9E9E87 /* Pods_PoliticalSurvey.framework */,
			);
			name = Frameworks;
			sourceTree = "<group>";
		};
/* End PBXGroup section */

/* Begin PBXNativeTarget section */
		047B1D1E2184B5DE00EB8B63 /* PoliticalSurvey */ = {
			isa = PBXNativeTarget;
			buildConfigurationList = 047B1D342184B5E000EB8B63 /* Build configuration list for PBXNativeTarget "PoliticalSurvey" */;
			buildPhases = (
				FD460B84B4EF5D9F180DCDA4 /* [CP] Check Pods Manifest.lock */,
				047B1D1B2184B5DE00EB8B63 /* Sources */,
				047B1D1C2184B5DE00EB8B63 /* Frameworks */,
				047B1D1D2184B5DE00EB8B63 /* Resources */,
				AEE5FFA4616667F8FF6853DA /* [CP] Embed Pods Frameworks */,
			);
			buildRules = (
			);
			dependencies = (
			);
			name = PoliticalSurvey;
			productName = PoliticalSurvey;
			productReference = 047B1D1F2184B5DE00EB8B63 /* PoliticalSurvey.app */;
			productType = "com.apple.product-type.application";
		};
/* End PBXNativeTarget section */

/* Begin PBXProject section */
		047B1D172184B5DE00EB8B63 /* Project object */ = {
			isa = PBXProject;
			attributes = {
				LastSwiftUpdateCheck = 0940;
				LastUpgradeCheck = 0940;
				ORGANIZATIONNAME = mac;
				TargetAttributes = {
					047B1D1E2184B5DE00EB8B63 = {
						CreatedOnToolsVersion = 9.4.1;
					};
				};
			};
			buildConfigurationList = 047B1D1A2184B5DE00EB8B63 /* Build configuration list for PBXProject "PoliticalSurvey" */;
			compatibilityVersion = "Xcode 9.3";
			developmentRegion = en;
			hasScannedForEncodings = 0;
			knownRegions = (
				en,
				Base,
			);
			mainGroup = 047B1D162184B5DE00EB8B63;
			productRefGroup = 047B1D202184B5DE00EB8B63 /* Products */;
			projectDirPath = "";
			projectRoot = "";
			targets = (
				047B1D1E2184B5DE00EB8B63 /* PoliticalSurvey */,
			);
		};
/* End PBXProject section */

/* Begin PBXResourcesBuildPhase section */
		047B1D1D2184B5DE00EB8B63 /* Resources */ = {
			isa = PBXResourcesBuildPhase;
			buildActionMask = 2147483647;
			files = (
				047B1D302184B5E000EB8B63 /* LaunchScreen.storyboard in Resources */,
				047B1D2D2184B5E000EB8B63 /* Assets.xcassets in Resources */,
				047B1D282184B5DE00EB8B63 /* Main.storyboard in Resources */,
			);
			runOnlyForDeploymentPostprocessing = 0;
		};
/* End PBXResourcesBuildPhase section */

/* Begin PBXShellScriptBuildPhase section */
		AEE5FFA4616667F8FF6853DA /* [CP] Embed Pods Frameworks */ = {
			isa = PBXShellScriptBuildPhase;
			buildActionMask = 2147483647;
			files = (
			);
			inputFileListPaths = (
			);
			inputPaths = (
				"${SRCROOT}/Pods/Target Support Files/Pods-PoliticalSurvey/Pods-PoliticalSurvey-frameworks.sh",
				"${BUILT_PRODUCTS_DIR}/SVProgressHUD/SVProgressHUD.framework",
			);
			name = "[CP] Embed Pods Frameworks";
			outputFileListPaths = (
			);
			outputPaths = (
				"${TARGET_BUILD_DIR}/${FRAMEWORKS_FOLDER_PATH}/SVProgressHUD.framework",
			);
			runOnlyForDeploymentPostprocessing = 0;
			shellPath = /bin/sh;
			shellScript = "\"${SRCROOT}/Pods/Target Support Files/Pods-PoliticalSurvey/Pods-PoliticalSurvey-frameworks.sh\"\n";
			showEnvVarsInLog = 0;
		};
		FD460B84B4EF5D9F180DCDA4 /* [CP] Check Pods Manifest.lock */ = {
			isa = PBXShellScriptBuildPhase;
			buildActionMask = 2147483647;
			files = (
			);
			inputFileListPaths = (
			);
			inputPaths = (
				"${PODS_PODFILE_DIR_PATH}/Podfile.lock",
				"${PODS_ROOT}/Manifest.lock",
			);
			name = "[CP] Check Pods Manifest.lock";
			outputFileListPaths = (
			);
			outputPaths = (
				"$(DERIVED_FILE_DIR)/Pods-PoliticalSurvey-checkManifestLockResult.txt",
			);
			runOnlyForDeploymentPostprocessing = 0;
			shellPath = /bin/sh;
			shellScript = "diff \"${PODS_PODFILE_DIR_PATH}/Podfile.lock\" \"${PODS_ROOT}/Manifest.lock\" > /dev/null\nif [ $? != 0 ] ; then\n    # print error to STDERR\n    echo \"error: The sandbox is not in sync with the Podfile.lock. Run 'pod install' or update your CocoaPods installation.\" >&2\n    exit 1\nfi\n# This output is used by Xcode 'outputs' to avoid re-running this script phase.\necho \"SUCCESS\" > \"${SCRIPT_OUTPUT_FILE_0}\"\n";
			showEnvVarsInLog = 0;
		};
/* End PBXShellScriptBuildPhase section */

/* Begin PBXSourcesBuildPhase section */
		047B1D1B2184B5DE00EB8B63 /* Sources */ = {
			isa = PBXSourcesBuildPhase;
			buildActionMask = 2147483647;
			files = (
				047B1D252184B5DE00EB8B63 /* ViewController.swift in Sources */,
				047B1D232184B5DE00EB8B63 /* AppDelegate.swift in Sources */,
				047B1D2B2184B5DE00EB8B63 /* PoliticalSurvey.xcdatamodeld in Sources */,
			);
			runOnlyForDeploymentPostprocessing = 0;
		};
/* End PBXSourcesBuildPhase section */

/* Begin PBXVariantGroup section */
		047B1D262184B5DE00EB8B63 /* Main.storyboard */ = {
			isa = PBXVariantGroup;
			children = (
				047B1D272184B5DE00EB8B63 /* Base */,
			);
			name = Main.storyboard;
			sourceTree = "<group>";
		};
		047B1D2E2184B5E000EB8B63 /* LaunchScreen.storyboard */ = {
			isa = PBXVariantGroup;
			children = (
				047B1D2F2184B5E000EB8B63 /* Base */,
			);
			name = LaunchScreen.storyboard;
			sourceTree = "<group>";
		};
/* End PBXVariantGroup section */

/* Begin XCBuildConfiguration section */
		047B1D322184B5E000EB8B63 /* Debug */ = {
			isa = XCBuildConfiguration;
			buildSettings = {
				ALWAYS_SEARCH_USER_PATHS = NO;
				CLANG_ANALYZER_NONNULL = YES;
				CLANG_ANALYZER_NUMBER_OBJECT_CONVERSION = YES_AGGRESSIVE;
				CLANG_CXX_LANGUAGE_STANDARD = "gnu++14";
				CLANG_CXX_LIBRARY = "libc++";
				CLANG_ENABLE_MODULES = YES;
				CLANG_ENABLE_OBJC_ARC = YES;
				CLANG_ENABLE_OBJC_WEAK = YES;
				CLANG_WARN_BLOCK_CAPTURE_AUTORELEASING = YES;
				CLANG_WARN_BOOL_CONVERSION = YES;
				CLANG_WARN_COMMA = YES;
				CLANG_WARN_CONSTANT_CONVERSION = YES;
				CLANG_WARN_DEPRECATED_OBJC_IMPLEMENTATIONS = YES;
				CLANG_WARN_DIRECT_OBJC_ISA_USAGE = YES_ERROR;
				CLANG_WARN_DOCUMENTATION_COMMENTS = YES;
				CLANG_WARN_EMPTY_BODY = YES;
				CLANG_WARN_ENUM_CONVERSION = YES;
				CLANG_WARN_INFINITE_RECURSION = YES;
				CLANG_WARN_INT_CONVERSION = YES;
				CLANG_WARN_NON_LITERAL_NULL_CONVERSION = YES;
				CLANG_WARN_OBJC_IMPLICIT_RETAIN_SELF = YES;
				CLANG_WARN_OBJC_LITERAL_CONVERSION = YES;
				CLANG_WARN_OBJC_ROOT_CLASS = YES_ERROR;
				CLANG_WARN_RANGE_LOOP_ANALYSIS = YES;
				CLANG_WARN_STRICT_PROTOTYPES = YES;
				CLANG_WARN_SUSPICIOUS_MOVE = YES;
				CLANG_WARN_UNGUARDED_AVAILABILITY = YES_AGGRESSIVE;
				CLANG_WARN_UNREACHABLE_CODE = YES;
				CLANG_WARN__DUPLICATE_METHOD_MATCH = YES;
				CODE_SIGN_IDENTITY = "iPhone Developer";
				COPY_PHASE_STRIP = NO;
				DEBUG_INFORMATION_FORMAT = dwarf;
				ENABLE_STRICT_OBJC_MSGSEND = YES;
				ENABLE_TESTABILITY = YES;
				GCC_C_LANGUAGE_STANDARD = gnu11;
				GCC_DYNAMIC_NO_PIC = NO;
				GCC_NO_COMMON_BLOCKS = YES;
				GCC_OPTIMIZATION_LEVEL = 0;
				GCC_PREPROCESSOR_DEFINITIONS = (
					"DEBUG=1",
					"$(inherited)",
				);
				GCC_WARN_64_TO_32_BIT_CONVERSION = YES;
				GCC_WARN_ABOUT_RETURN_TYPE = YES_ERROR;
				GCC_WARN_UNDECLARED_SELECTOR = YES;
				GCC_WARN_UNINITIALIZED_AUTOS = YES_AGGRESSIVE;
				GCC_WARN_UNUSED_FUNCTION = YES;
				GCC_WARN_UNUSED_VARIABLE = YES;
				IPHONEOS_DEPLOYMENT_TARGET = 11.4;
				MTL_ENABLE_DEBUG_INFO = YES;
				ONLY_ACTIVE_ARCH = YES;
				SDKROOT = iphoneos;
				SWIFT_ACTIVE_COMPILATION_CONDITIONS = DEBUG;
				SWIFT_OPTIMIZATION_LEVEL = "-Onone";
			};
			name = Debug;
		};
		047B1D332184B5E000EB8B63 /* Release */ = {
			isa = XCBuildConfiguration;
			buildSettings = {
				ALWAYS_SEARCH_USER_PATHS = NO;
				CLANG_ANALYZER_NONNULL = YES;
				CLANG_ANALYZER_NUMBER_OBJECT_CONVERSION = YES_AGGRESSIVE;
				CLANG_CXX_LANGUAGE_STANDARD = "gnu++14";
				CLANG_CXX_LIBRARY = "libc++";
				CLANG_ENABLE_MODULES = YES;
				CLANG_ENABLE_OBJC_ARC = YES;
				CLANG_ENABLE_OBJC_WEAK = YES;
				CLANG_WARN_BLOCK_CAPTURE_AUTORELEASING = YES;
				CLANG_WARN_BOOL_CONVERSION = YES;
				CLANG_WARN_COMMA = YES;
				CLANG_WARN_CONSTANT_CONVERSION = YES;
				CLANG_WARN_DEPRECATED_OBJC_IMPLEMENTATIONS = YES;
				CLANG_WARN_DIRECT_OBJC_ISA_USAGE = YES_ERROR;
				CLANG_WARN_DOCUMENTATION_COMMENTS = YES;
				CLANG_WARN_EMPTY_BODY = YES;
				CLANG_WARN_ENUM_CONVERSION = YES;
				CLANG_WARN_INFINITE_RECURSION = YES;
				CLANG_WARN_INT_CONVERSION = YES;
				CLANG_WARN_NON_LITERAL_NULL_CONVERSION = YES;
				CLANG_WARN_OBJC_IMPLICIT_RETAIN_SELF = YES;
				CLANG_WARN_OBJC_LITERAL_CONVERSION = YES;
				CLANG_WARN_OBJC_ROOT_CLASS = YES_ERROR;
				CLANG_WARN_RANGE_LOOP_ANALYSIS = YES;
				CLANG_WARN_STRICT_PROTOTYPES = YES;
				CLANG_WARN_SUSPICIOUS_MOVE = YES;
				CLANG_WARN_UNGUARDED_AVAILABILITY = YES_AGGRESSIVE;
				CLANG_WARN_UNREACHABLE_CODE = YES;
				CLANG_WARN__DUPLICATE_METHOD_MATCH = YES;
				CODE_SIGN_IDENTITY = "iPhone Developer";
				COPY_PHASE_STRIP = NO;
				DEBUG_INFORMATION_FORMAT = "dwarf-with-dsym";
				ENABLE_NS_ASSERTIONS = NO;
				ENABLE_STRICT_OBJC_MSGSEND = YES;
				GCC_C_LANGUAGE_STANDARD = gnu11;
				GCC_NO_COMMON_BLOCKS = YES;
				GCC_WARN_64_TO_32_BIT_CONVERSION = YES;
				GCC_WARN_ABOUT_RETURN_TYPE = YES_ERROR;
				GCC_WARN_UNDECLARED_SELECTOR = YES;
				GCC_WARN_UNINITIALIZED_AUTOS = YES_AGGRESSIVE;
				GCC_WARN_UNUSED_FUNCTION = YES;
				GCC_WARN_UNUSED_VARIABLE = YES;
				IPHONEOS_DEPLOYMENT_TARGET = 11.4;
				MTL_ENABLE_DEBUG_INFO = NO;
				SDKROOT = iphoneos;
				SWIFT_COMPILATION_MODE = wholemodule;
				SWIFT_OPTIMIZATION_LEVEL = "-O";
				VALIDATE_PRODUCT = YES;
			};
			name = Release;
		};
		047B1D352184B5E000EB8B63 /* Debug */ = {
			isa = XCBuildConfiguration;
			baseConfigurationReference = 4DD0B0807CEE237E35C275F9 /* Pods-PoliticalSurvey.debug.xcconfig */;
			buildSettings = {
				ASSETCATALOG_COMPILER_APPICON_NAME = AppIcon;
				CODE_SIGN_STYLE = Automatic;
				INFOPLIST_FILE = PoliticalSurvey/Info.plist;
				LD_RUNPATH_SEARCH_PATHS = (
					"$(inherited)",
					"@executable_path/Frameworks",
				);
				PRODUCT_BUNDLE_IDENTIFIER = test.PoliticalSurvey;
				PRODUCT_NAME = "$(TARGET_NAME)";
				SWIFT_VERSION = 4.0;
				TARGETED_DEVICE_FAMILY = "1,2";
			};
			name = Debug;
		};
		047B1D362184B5E000EB8B63 /* Release */ = {
			isa = XCBuildConfiguration;
			baseConfigurationReference = F86EF460862CBC10DAF99F9A /* Pods-PoliticalSurvey.release.xcconfig */;
			buildSettings = {
				ASSETCATALOG_COMPILER_APPICON_NAME = AppIcon;
				CODE_SIGN_STYLE = Automatic;
				INFOPLIST_FILE = PoliticalSurvey/Info.plist;
				LD_RUNPATH_SEARCH_PATHS = (
					"$(inherited)",
					"@executable_path/Frameworks",
				);
				PRODUCT_BUNDLE_IDENTIFIER = test.PoliticalSurvey;
				PRODUCT_NAME = "$(TARGET_NAME)";
				SWIFT_VERSION = 4.0;
				TARGETED_DEVICE_FAMILY = "1,2";
			};
			name = Release;
		};
/* End XCBuildConfiguration section */

/* Begin XCConfigurationList section */
		047B1D1A2184B5DE00EB8B63 /* Build configuration list for PBXProject "PoliticalSurvey" */ = {
			isa = XCConfigurationList;
			buildConfigurations = (
				047B1D322184B5E000EB8B63 /* Debug */,
				047B1D332184B5E000EB8B63 /* Release */,
			);
			defaultConfigurationIsVisible = 0;
			defaultConfigurationName = Release;
		};
		047B1D342184B5E000EB8B63 /* Build configuration list for PBXNativeTarget "PoliticalSurvey" */ = {
			isa = XCConfigurationList;
			buildConfigurations = (
				047B1D352184B5E000EB8B63 /* Debug */,
				047B1D362184B5E000EB8B63 /* Release */,
			);
			defaultConfigurationIsVisible = 0;
			defaultConfigurationName = Release;
		};
/* End XCConfigurationList section */

/* Begin XCVersionGroup section */
		047B1D292184B5DE00EB8B63 /* PoliticalSurvey.xcdatamodeld */ = {
			isa = XCVersionGroup;
			children = (
				047B1D2A2184B5DE00EB8B63 /* PoliticalSurvey.xcdatamodel */,
			);
			currentVersion = 047B1D2A2184B5DE00EB8B63 /* PoliticalSurvey.xcdatamodel */;
			path = PoliticalSurvey.xcdatamodeld;
			sourceTree = "<group>";
			versionGroupType = wrapper.xcdatamodel;
		};
/* End XCVersionGroup section */
	};
	rootObject = 047B1D172184B5DE00EB8B63 /* Project object */;
}
